<Solution>
  <Folder Name="/Api/">
    <Project Path="Api/SamanMobileInsurance.Api.csproj" />
  </Folder>
  <Folder Name="/Application/">
    <Project Path="Application/SamanMobileInsurance.Application.csproj" />
  </Folder>
  <Folder Name="/Domain/">
    <Project Path="Domain/SamanMobileInsurance.Domain.csproj" />
  </Folder>
  <Folder Name="/Infrastructure/">
    <Project Path="Infrastructure/SamanMobileInsurance.Infrastructure.csproj" />
  </Folder>
</Solution>
